# This file is automatically @generated by Cargo.
# It is not intended for manual editing.
version = 4

[[package]]
name = "aka-cli"
version = "0.1.0"

[[package]]
name = "aka-core"
version = "0.1.0"

[[package]]
name = "aka-graph"
version = "0.1.0"

[[package]]
name = "aka-mcp"
version = "0.1.0"

[[package]]
name = "aka-search"
version = "0.1.0"

[[package]]
name = "aka-server"
version = "0.1.0"
